// !$*UTF8*$!
{
	archiveVersion = 1;
	classes = {
	};
	objectVersion = 46;
	objects = {

/* Begin PBXBuildFile section */
		A7D4C5E21DE41C2A00000B57 /* AppDelegate.swift in Sources */ = {isa = PBXBuildFile; fileRef = A7D4C5E11DE41C2A00000B57 /* AppDelegate.swift */; };
		A7D4C5E41DE41C2A00000B57 /* ViewController.swift in Sources */ = {isa = PBXBuildFile; fileRef = A7D4C5E31DE41C2A00000B57 /* ViewController.swift */; };
		A7D4C5E71DE41C2A00000B57 /* Main.storyboard in Resources */ = {isa = PBXBuildFile; fileRef = A7D4C5E51DE41C2A00000B57 /* Main.storyboard */; };
		A7D4C5E91DE41C2A00000B57 /* Assets.xcassets in Resources */ = {isa = PBXBuildFile; fileRef = A7D4C5E81DE41C2A00000B57 /* Assets.xcassets */; };
		A7D4C5EC1DE41C2A00000B57 /* LaunchScreen.storyboard in Resources */ = {isa = PBXBuildFile; fileRef = A7D4C5EA1DE41C2A00000B57 /* LaunchScreen.storyboard */; };
		A7D4C5F71DE41C2A00000B57 /* WeatherAppTests.swift in Sources */ = {isa = PBXBuildFile; fileRef = A7D4C5F61DE41C2A00000B57 /* WeatherAppTests.swift */; };
		A7D4C6021DE41C2A00000B57 /* WeatherAppUITests.swift in Sources */ = {isa = PBXBuildFile; fileRef = A7D4C6011DE41C2A00000B57 /* WeatherAppUITests.swift */; };
/* End PBXBuildFile section */

/* Begin PBXContainerItemProxy section */
		A7D4C5F31DE41C2A00000B57 /* PBXContainerItemProxy */ = {
			isa = PBXContainerItemProxy;
			containerPortal = A7D4C5D61DE41C2900000B57 /* Project object */;
			proxyType = 1;
			remoteGlobalIDString = A7D4C5DD1DE41C2A00000B57;
			remoteInfo = WeatherApp;
		};
		A7D4C5FE1DE41C2A00000B57 /* PBXContainerItemProxy */ = {
			isa = PBXContainerItemProxy;
			containerPortal = A7D4C5D61DE41C2900000B57 /* Project object */;
			proxyType = 1;
			remoteGlobalIDString = A7D4C5DD1DE41C2A00000B57;
			remoteInfo = WeatherApp;
		};
/* End PBXContainerItemProxy section */

/* Begin PBXFileReference section */
		A7D4C5DE1DE41C2A00000B57 /* WeatherApp.app */ = {isa = PBXFileReference; explicitFileType = wrapper.application; includeInIndex = 0; path = WeatherApp.app; sourceTree = BUILT_PRODUCTS_DIR; };
		A7D4C5E11DE41C2A00000B57 /* AppDelegate.swift */ = {isa = PBXFileReference; lastKnownFileType = sourcecode.swift; path = AppDelegate.swift; sourceTree = "<group>"; };
		A7D4C5E31DE41C2A00000B57 /* ViewController.swift */ = {isa = PBXFileReference; lastKnownFileType = sourcecode.swift; path = ViewController.swift; sourceTree = "<group>"; };
		A7D4C5E61DE41C2A00000B57 /* Base */ = {isa = PBXFileReference; lastKnownFileType = file.storyboard; name = Base; path = Base.lproj/Main.storyboard; sourceTree = "<group>"; };
		A7D4C5E81DE41C2A00000B57 /* Assets.xcassets */ = {isa = PBXFileReference; lastKnownFileType = folder.assetcatalog; path = Assets.xcassets; sourceTree = "<group>"; };
		A7D4C5EB1DE41C2A00000B57 /* Base */ = {isa = PBXFileReference; lastKnownFileType = file.storyboard; name = Base; path = Base.lproj/LaunchScreen.storyboard; sourceTree = "<group>"; };
		A7D4C5ED1DE41C2A00000B57 /* Info.plist */ = {isa = PBXFileReference; lastKnownFileType = text.plist.xml; path = Info.plist; sourceTree = "<group>"; };
		A7D4C5F21DE41C2A00000B57 /* WeatherAppTests.xctest */ = {isa = PBXFileReference; explicitFileType = wrapper.cfbundle; includeInIndex = 0; path = WeatherAppTests.xctest; sourceTree = BUILT_PRODUCTS_DIR; };
		A7D4C5F61DE41C2A00000B57 /* WeatherAppTests.swift */ = {isa = PBXFileReference; lastKnownFileType = sourcecode.swift; path = WeatherAppTests.swift; sourceTree = "<group>"; };
		A7D4C5F81DE41C2A00000B57 /* Info.plist */ = {isa = PBXFileReference; lastKnownFileType = text.plist.xml; path = Info.plist; sourceTree = "<group>"; };
		A7D4C5FD1DE41C2A00000B57 /* WeatherAppUITests.xctest */ = {isa = PBXFileReference; explicitFileType = wrapper.cfbundle; includeInIndex = 0; path = WeatherAppUITests.xctest; sourceTree = BUILT_PRODUCTS_DIR; };
		A7D4C6011DE41C2A00000B57 /* WeatherAppUITests.swift */ = {isa = PBXFileReference; lastKnownFileType = sourcecode.swift; path = WeatherAppUITests.swift; sourceTree = "<group>"; };
		A7D4C6031DE41C2A00000B57 /* Info.plist */ = {isa = PBXFileReference; lastKnownFileType = text.plist.xml; path = Info.plist; sourceTree = "<group>"; };
/* End PBXFileReference section */

/* Begin PBXFrameworksBuildPhase section */
		A7D4C5DB1DE41C2A00000B57 /* Frameworks */ = {
			isa = PBXFrameworksBuildPhase;
			buildActionMask = 2147483647;
			files = (
			);
			runOnlyForDeploymentPostprocessing = 0;
		};
		A7D4C5EF1DE41C2A00000B57 /* Frameworks */ = {
			isa = PBXFrameworksBuildPhase;
			buildActionMask = 2147483647;
			files = (
			);
			runOnlyForDeploymentPostprocessing = 0;
		};
		A7D4C5FA1DE41C2A00000B57 /* Frameworks */ = {
			isa = PBXFrameworksBuildPhase;
			buildActionMask = 2147483647;
			files = (
			);
			runOnlyForDeploymentPostprocessing = 0;
		};
/* End PBXFrameworksBuildPhase section */

/* Begin PBXGroup section */
		A7D4C5D51DE41C2900000B57 = {
			isa = PBXGroup;
			children = (
				A7D4C5E01DE41C2A00000B57 /* WeatherApp */,
				A7D4C5F51DE41C2A00000B57 /* WeatherAppTests */,
				A7D4C6001DE41C2A00000B57 /* WeatherAppUITests */,
				A7D4C5DF1DE41C2A00000B57 /* Products */,
			);
			sourceTree = "<group>";
		};
		A7D4C5DF1DE41C2A00000B57 /* Products */ = {
			isa = PBXGroup;
			children = (
				A7D4C5DE1DE41C2A00000B57 /* WeatherApp.app */,
				A7D4C5F21DE41C2A00000B57 /* WeatherAppTests.xctest */,
				A7D4C5FD1DE41C2A00000B57 /* WeatherAppUITests.xctest */,
			);
			name = Products;
			sourceTree = "<group>";
		};
		A7D4C5E01DE41C2A00000B57 /* WeatherApp */ = {
			isa = PBXGroup;
			children = (
				A7D4C5E11DE41C2A00000B57 /* AppDelegate.swift */,
				A7D4C5E31DE41C2A00000B57 /* ViewController.swift */,
				A7D4C5E51DE41C2A00000B57 /* Main.storyboard */,
				A7D4C5E81DE41C2A00000B57 /* Assets.xcassets */,
				A7D4C5EA1DE41C2A00000B57 /* LaunchScreen.storyboard */,
				A7D4C5ED1DE41C2A00000B57 /* Info.plist */,
			);
			path = WeatherApp;
			sourceTree = "<group>";
		};
		A7D4C5F51DE41C2A00000B57 /* WeatherAppTests */ = {
			isa = PBXGroup;
			children = (
				A7D4C5F61DE41C2A00000B57 /* WeatherAppTests.swift */,
				A7D4C5F81DE41C2A00000B57 /* Info.plist */,
			);
			path = WeatherAppTests;
			sourceTree = "<group>";
		};
		A7D4C6001DE41C2A00000B57 /* WeatherAppUITests */ = {
			isa = PBXGroup;
			children = (
				A7D4C6011DE41C2A00000B57 /* WeatherAppUITests.swift */,
				A7D4C6031DE41C2A00000B57 /* Info.plist */,
			);
			path = WeatherAppUITests;
			sourceTree = "<group>";
		};
/* End PBXGroup section */

/* Begin PBXNativeTarget section */
		A7D4C5DD1DE41C2A00000B57 /* WeatherApp */ = {
			isa = PBXNativeTarget;
			buildConfigurationList = A7D4C6061DE41C2A00000B57 /* Build configuration list for PBXNativeTarget "WeatherApp" */;
			buildPhases = (
				A7D4C5DA1DE41C2A00000B57 /* Sources */,
				A7D4C5DB1DE41C2A00000B57 /* Frameworks */,
				A7D4C5DC1DE41C2A00000B57 /* Resources */,
			);
			buildRules = (
			);
			dependencies = (
			);
			name = WeatherApp;
			productName = WeatherApp;
			productReference = A7D4C5DE1DE41C2A00000B57 /* WeatherApp.app */;
			productType = "com.apple.product-type.application";
		};
		A7D4C5F11DE41C2A00000B57 /* WeatherAppTests */ = {
			isa = PBXNativeTarget;
			buildConfigurationList = A7D4C6091DE41C2A00000B57 /* Build configuration list for PBXNativeTarget "WeatherAppTests" */;
			buildPhases = (
				A7D4C5EE1DE41C2A00000B57 /* Sources */,
				A7D4C5EF1DE41C2A00000B57 /* Frameworks */,
				A7D4C5F01DE41C2A00000B57 /* Resources */,
			);
			buildRules = (
			);
			dependencies = (
				A7D4C5F41DE41C2A00000B57 /* PBXTargetDependency */,
			);
			name = WeatherAppTests;
			productName = WeatherAppTests;
			productReference = A7D4C5F21DE41C2A00000B57 /* WeatherAppTests.xctest */;
			productType = "com.apple.product-type.bundle.unit-test";
		};
		A7D4C5FC1DE41C2A00000B57 /* WeatherAppUITests */ = {
			isa = PBXNativeTarget;
			buildConfigurationList = A7D4C60C1DE41C2A00000B57 /* Build configuration list for PBXNativeTarget "WeatherAppUITests" */;
			buildPhases = (
				A7D4C5F91DE41C2A00000B57 /* Sources */,
				A7D4C5FA1DE41C2A00000B57 /* Frameworks */,
				A7D4C5FB1DE41C2A00000B57 /* Resources */,
			);
			buildRules = (
			);
			dependencies = (
				A7D4C5FF1DE41C2A00000B57 /* PBXTargetDependency */,
			);
			name = WeatherAppUITests;
			productName = WeatherAppUITests;
			productReference = A7D4C5FD1DE41C2A00000B57 /* WeatherAppUITests.xctest */;
			productType = "com.apple.product-type.bundle.ui-testing";
		};
/* End PBXNativeTarget section */

/* Begin PBXProject section */
		A7D4C5D61DE41C2900000B57 /* Project object */ = {
			isa = PBXProject;
			attributes = {
				LastSwiftUpdateCheck = 0810;
				LastUpgradeCheck = 0810;
				ORGANIZATIONNAME = MurphyProjects;
				TargetAttributes = {
					A7D4C5DD1DE41C2A00000B57 = {
						CreatedOnToolsVersion = 8.1;
						ProvisioningStyle = Automatic;
					};
					A7D4C5F11DE41C2A00000B57 = {
						CreatedOnToolsVersion = 8.1;
						ProvisioningStyle = Automatic;
						TestTargetID = A7D4C5DD1DE41C2A00000B57;
					};
					A7D4C5FC1DE41C2A00000B57 = {
						CreatedOnToolsVersion = 8.1;
						ProvisioningStyle = Automatic;
						TestTargetID = A7D4C5DD1DE41C2A00000B57;
					};
				};
			};
			buildConfigurationList = A7D4C5D91DE41C2900000B57 /* Build configuration list for PBXProject "WeatherApp" */;
			compatibilityVersion = "Xcode 3.2";
			developmentRegion = English;
			hasScannedForEncodings = 0;
			knownRegions = (
				en,
				Base,
			);
			mainGroup = A7D4C5D51DE41C2900000B57;
			productRefGroup = A7D4C5DF1DE41C2A00000B57 /* Products */;
			projectDirPath = "";
			projectRoot = "";
			targets = (
				A7D4C5DD1DE41C2A00000B57 /* WeatherApp */,
				A7D4C5F11DE41C2A00000B57 /* WeatherAppTests */,
				A7D4C5FC1DE41C2A00000B57 /* WeatherAppUITests */,
			);
		};
/* End PBXProject section */

/* Begin PBXResourcesBuildPhase section */
		A7D4C5DC1DE41C2A00000B57 /* Resources */ = {
			isa = PBXResourcesBuildPhase;
			buildActionMask = 2147483647;
			files = (
				A7D4C5EC1DE41C2A00000B57 /* LaunchScreen.storyboard in Resources */,
				A7D4C5E91DE41C2A00000B57 /* Assets.xcassets in Resources */,
				A7D4C5E71DE41C2A00000B57 /* Main.storyboard in Resources */,
			);
			runOnlyForDeploymentPostprocessing = 0;
		};
		A7D4C5F01DE41C2A00000B57 /* Resources */ = {
			isa = PBXResourcesBuildPhase;
			buildActionMask = 2147483647;
			files = (
			);
			runOnlyForDeploymentPostprocessing = 0;
		};
		A7D4C5FB1DE41C2A00000B57 /* Resources */ = {
			isa = PBXResourcesBuildPhase;
			buildActionMask = 2147483647;
			files = (
			);
			runOnlyForDeploymentPostprocessing = 0;
		};
/* End PBXResourcesBuildPhase section */

/* Begin PBXSourcesBuildPhase section */
		A7D4C5DA1DE41C2A00000B57 /* Sources */ = {
			isa = PBXSourcesBuildPhase;
			buildActionMask = 2147483647;
			files = (
				A7D4C5E41DE41C2A00000B57 /* ViewController.swift in Sources */,
				A7D4C5E21DE41C2A00000B57 /* AppDelegate.swift in Sources */,
			);
			runOnlyForDeploymentPostprocessing = 0;
		};
		A7D4C5EE1DE41C2A00000B57 /* Sources */ = {
			isa = PBXSourcesBuildPhase;
			buildActionMask = 2147483647;
			files = (
				A7D4C5F71DE41C2A00000B57 /* WeatherAppTests.swift in Sources */,
			);
			runOnlyForDeploymentPostprocessing = 0;
		};
		A7D4C5F91DE41C2A00000B57 /* Sources */ = {
			isa = PBXSourcesBuildPhase;
			buildActionMask = 2147483647;
			files = (
				A7D4C6021DE41C2A00000B57 /* WeatherAppUITests.swift in Sources */,
			);
			runOnlyForDeploymentPostprocessing = 0;
		};
/* End PBXSourcesBuildPhase section */

/* Begin PBXTargetDependency section */
		A7D4C5F41DE41C2A00000B57 /* PBXTargetDependency */ = {
			isa = PBXTargetDependency;
			target = A7D4C5DD1DE41C2A00000B57 /* WeatherApp */;
			targetProxy = A7D4C5F31DE41C2A00000B57 /* PBXContainerItemProxy */;
		};
		A7D4C5FF1DE41C2A00000B57 /* PBXTargetDependency */ = {
			isa = PBXTargetDependency;
			target = A7D4C5DD1DE41C2A00000B57 /* WeatherApp */;
			targetProxy = A7D4C5FE1DE41C2A00000B57 /* PBXContainerItemProxy */;
		};
/* End PBXTargetDependency section */

/* Begin PBXVariantGroup section */
		A7D4C5E51DE41C2A00000B57 /* Main.storyboard */ = {
			isa = PBXVariantGroup;
			children = (
				A7D4C5E61DE41C2A00000B57 /* Base */,
			);
			name = Main.storyboard;
			sourceTree = "<group>";
		};
		A7D4C5EA1DE41C2A00000B57 /* LaunchScreen.storyboard */ = {
			isa = PBXVariantGroup;
			children = (
				A7D4C5EB1DE41C2A00000B57 /* Base */,
			);
			name = LaunchScreen.storyboard;
			sourceTree = "<group>";
		};
/* End PBXVariantGroup section */

/* Begin XCBuildConfiguration section */
		A7D4C6041DE41C2A00000B57 /* Debug */ = {
			isa = XCBuildConfiguration;
			buildSettings = {
				ALWAYS_SEARCH_USER_PATHS = NO;
				CLANG_ANALYZER_NONNULL = YES;
				CLANG_CXX_LANGUAGE_STANDARD = "gnu++0x";
				CLANG_CXX_LIBRARY = "libc++";
				CLANG_ENABLE_MODULES = YES;
				CLANG_ENABLE_OBJC_ARC = YES;
				CLANG_WARN_BOOL_CONVERSION = YES;
				CLANG_WARN_CONSTANT_CONVERSION = YES;
				CLANG_WARN_DIRECT_OBJC_ISA_USAGE = YES_ERROR;
				CLANG_WARN_DOCUMENTATION_COMMENTS = YES;
				CLANG_WARN_EMPTY_BODY = YES;
				CLANG_WARN_ENUM_CONVERSION = YES;
				CLANG_WARN_INFINITE_RECURSION = YES;
				CLANG_WARN_INT_CONVERSION = YES;
				CLANG_WARN_OBJC_ROOT_CLASS = YES_ERROR;
				CLANG_WARN_SUSPICIOUS_MOVES = YES;
				CLANG_WARN_UNREACHABLE_CODE = YES;
				CLANG_WARN__DUPLICATE_METHOD_MATCH = YES;
				"CODE_SIGN_IDENTITY[sdk=iphoneos*]" = "iPhone Developer";
				COPY_PHASE_STRIP = NO;
				DEBUG_INFORMATION_FORMAT = dwarf;
				ENABLE_STRICT_OBJC_MSGSEND = YES;
				ENABLE_TESTABILITY = YES;
				GCC_C_LANGUAGE_STANDARD = gnu99;
				GCC_DYNAMIC_NO_PIC = NO;
				GCC_NO_COMMON_BLOCKS = YES;
				GCC_OPTIMIZATION_LEVEL = 0;
				GCC_PREPROCESSOR_DEFINITIONS = (
					"DEBUG=1",
					"$(inherited)",
				);
				GCC_WARN_64_TO_32_BIT_CONVERSION = YES;
				GCC_WARN_ABOUT_RETURN_TYPE = YES_ERROR;
				GCC_WARN_UNDECLARED_SELECTOR = YES;
				GCC_WARN_UNINITIALIZED_AUTOS = YES_AGGRESSIVE;
				GCC_WARN_UNUSED_FUNCTION = YES;
				GCC_WARN_UNUSED_VARIABLE = YES;
				IPHONEOS_DEPLOYMENT_TARGET = 10.1;
				MTL_ENABLE_DEBUG_INFO = YES;
				ONLY_ACTIVE_ARCH = YES;
				SDKROOT = iphoneos;
				SWIFT_ACTIVE_COMPILATION_CONDITIONS = DEBUG;
				SWIFT_OPTIMIZATION_LEVEL = "-Onone";
			};
			name = Debug;
		};
		A7D4C6051DE41C2A00000B57 /* Release */ = {
			isa = XCBuildConfiguration;
			buildSettings = {
				ALWAYS_SEARCH_USER_PATHS = NO;
				CLANG_ANALYZER_NONNULL = YES;
				CLANG_CXX_LANGUAGE_STANDARD = "gnu++0x";
				CLANG_CXX_LIBRARY = "libc++";
				CLANG_ENABLE_MODULES = YES;
				CLANG_ENABLE_OBJC_ARC = YES;
				CLANG_WARN_BOOL_CONVERSION = YES;
				CLANG_WARN_CONSTANT_CONVERSION = YES;
				CLANG_WARN_DIRECT_OBJC_ISA_USAGE = YES_ERROR;
				CLANG_WARN_DOCUMENTATION_COMMENTS = YES;
				CLANG_WARN_EMPTY_BODY = YES;
				CLANG_WARN_ENUM_CONVERSION = YES;
				CLANG_WARN_INFINITE_RECURSION = YES;
				CLANG_WARN_INT_CONVERSION = YES;
				CLANG_WARN_OBJC_ROOT_CLASS = YES_ERROR;
				CLANG_WARN_SUSPICIOUS_MOVES = YES;
				CLANG_WARN_UNREACHABLE_CODE = YES;
				CLANG_WARN__DUPLICATE_METHOD_MATCH = YES;
				"CODE_SIGN_IDENTITY[sdk=iphoneos*]" = "iPhone Developer";
				COPY_PHASE_STRIP = NO;
				DEBUG_INFORMATION_FORMAT = "dwarf-with-dsym";
				ENABLE_NS_ASSERTIONS = NO;
				ENABLE_STRICT_OBJC_MSGSEND = YES;
				GCC_C_LANGUAGE_STANDARD = gnu99;
				GCC_NO_COMMON_BLOCKS = YES;
				GCC_WARN_64_TO_32_BIT_CONVERSION = YES;
				GCC_WARN_ABOUT_RETURN_TYPE = YES_ERROR;
				GCC_WARN_UNDECLARED_SELECTOR = YES;
				GCC_WARN_UNINITIALIZED_AUTOS = YES_AGGRESSIVE;
				GCC_WARN_UNUSED_FUNCTION = YES;
				GCC_WARN_UNUSED_VARIABLE = YES;
				IPHONEOS_DEPLOYMENT_TARGET = 10.1;
				MTL_ENABLE_DEBUG_INFO = NO;
				SDKROOT = iphoneos;
				SWIFT_OPTIMIZATION_LEVEL = "-Owholemodule";
				VALIDATE_PRODUCT = YES;
			};
			name = Release;
		};
		A7D4C6071DE41C2A00000B57 /* Debug */ = {
			isa = XCBuildConfiguration;
			buildSettings = {
				ASSETCATALOG_COMPILER_APPICON_NAME = AppIcon;
				INFOPLIST_FILE = WeatherApp/Info.plist;
				LD_RUNPATH_SEARCH_PATHS = "$(inherited) @executable_path/Frameworks";
				PRODUCT_BUNDLE_IDENTIFIER = MurphyProjects.WeatherApp;
				PRODUCT_NAME = "$(TARGET_NAME)";
				SWIFT_VERSION = 3.0;
			};
			name = Debug;
		};
		A7D4C6081DE41C2A00000B57 /* Release */ = {
			isa = XCBuildConfiguration;
			buildSettings = {
				ASSETCATALOG_COMPILER_APPICON_NAME = AppIcon;
				INFOPLIST_FILE = WeatherApp/Info.plist;
				LD_RUNPATH_SEARCH_PATHS = "$(inherited) @executable_path/Frameworks";
				PRODUCT_BUNDLE_IDENTIFIER = MurphyProjects.WeatherApp;
				PRODUCT_NAME = "$(TARGET_NAME)";
				SWIFT_VERSION = 3.0;
			};
			name = Release;
		};
		A7D4C60A1DE41C2A00000B57 /* Debug */ = {
			isa = XCBuildConfiguration;
			buildSettings = {
				ALWAYS_EMBED_SWIFT_STANDARD_LIBRARIES = YES;
				BUNDLE_LOADER = "$(TEST_HOST)";
				INFOPLIST_FILE = WeatherAppTests/Info.plist;
				LD_RUNPATH_SEARCH_PATHS = "$(inherited) @executable_path/Frameworks @loader_path/Frameworks";
				PRODUCT_BUNDLE_IDENTIFIER = MurphyProjects.WeatherAppTests;
				PRODUCT_NAME = "$(TARGET_NAME)";
				SWIFT_VERSION = 3.0;
				TEST_HOST = "$(BUILT_PRODUCTS_DIR)/WeatherApp.app/WeatherApp";
			};
			name = Debug;
		};
		A7D4C60B1DE41C2A00000B57 /* Release */ = {
			isa = XCBuildConfiguration;
			buildSettings = {
				ALWAYS_EMBED_SWIFT_STANDARD_LIBRARIES = YES;
				BUNDLE_LOADER = "$(TEST_HOST)";
				INFOPLIST_FILE = WeatherAppTests/Info.plist;
				LD_RUNPATH_SEARCH_PATHS = "$(inherited) @executable_path/Frameworks @loader_path/Frameworks";
				PRODUCT_BUNDLE_IDENTIFIER = MurphyProjects.WeatherAppTests;
				PRODUCT_NAME = "$(TARGET_NAME)";
				SWIFT_VERSION = 3.0;
				TEST_HOST = "$(BUILT_PRODUCTS_DIR)/WeatherApp.app/WeatherApp";
			};
			name = Release;
		};
		A7D4C60D1DE41C2A00000B57 /* Debug */ = {
			isa = XCBuildConfiguration;
			buildSettings = {
				ALWAYS_EMBED_SWIFT_STANDARD_LIBRARIES = YES;
				INFOPLIST_FILE = WeatherAppUITests/Info.plist;
				LD_RUNPATH_SEARCH_PATHS = "$(inherited) @executable_path/Frameworks @loader_path/Frameworks";
				PRODUCT_BUNDLE_IDENTIFIER = MurphyProjects.WeatherAppUITests;
				PRODUCT_NAME = "$(TARGET_NAME)";
				SWIFT_VERSION = 3.0;
				TEST_TARGET_NAME = WeatherApp;
			};
			name = Debug;
		};
		A7D4C60E1DE41C2A00000B57 /* Release */ = {
			isa = XCBuildConfiguration;
			buildSettings = {
				ALWAYS_EMBED_SWIFT_STANDARD_LIBRARIES = YES;
				INFOPLIST_FILE = WeatherAppUITests/Info.plist;
				LD_RUNPATH_SEARCH_PATHS = "$(inherited) @executable_path/Frameworks @loader_path/Frameworks";
				PRODUCT_BUNDLE_IDENTIFIER = MurphyProjects.WeatherAppUITests;
				PRODUCT_NAME = "$(TARGET_NAME)";
				SWIFT_VERSION = 3.0;
				TEST_TARGET_NAME = WeatherApp;
			};
			name = Release;
		};
/* End XCBuildConfiguration section */

/* Begin XCConfigurationList section */
		A7D4C5D91DE41C2900000B57 /* Build configuration list for PBXProject "WeatherApp" */ = {
			isa = XCConfigurationList;
			buildConfigurations = (
				A7D4C6041DE41C2A00000B57 /* Debug */,
				A7D4C6051DE41C2A00000B57 /* Release */,
			);
			defaultConfigurationIsVisible = 0;
			defaultConfigurationName = Release;
		};
		A7D4C6061DE41C2A00000B57 /* Build configuration list for PBXNativeTarget "WeatherApp" */ = {
			isa = XCConfigurationList;
			buildConfigurations = (
				A7D4C6071DE41C2A00000B57 /* Debug */,
				A7D4C6081DE41C2A00000B57 /* Release */,
			);
			defaultConfigurationIsVisible = 0;
		};
		A7D4C6091DE41C2A00000B57 /* Build configuration list for PBXNativeTarget "WeatherAppTests" */ = {
			isa = XCConfigurationList;
			buildConfigurations = (
				A7D4C60A1DE41C2A00000B57 /* Debug */,
				A7D4C60B1DE41C2A00000B57 /* Release */,
			);
			defaultConfigurationIsVisible = 0;
		};
		A7D4C60C1DE41C2A00000B57 /* Build configuration list for PBXNativeTarget "WeatherAppUITests" */ = {
			isa = XCConfigurationList;
			buildConfigurations = (
				A7D4C60D1DE41C2A00000B57 /* Debug */,
				A7D4C60E1DE41C2A00000B57 /* Release */,
			);
			defaultConfigurationIsVisible = 0;
		};
/* End XCConfigurationList section */
	};
	rootObject = A7D4C5D61DE41C2900000B57 /* Project object */;
}
